
Microsoft Visual Studio Solution File, Format Version 12.00
# Visual Studio Version 17
VisualStudioVersion = 17.6.33815.320
MinimumVisualStudioVersion = 10.0.40219.1
Project("{FAE04EC0-301F-11D3-BF4B-00C04F79EFBC}") = "apiWebCore", "apiWebCore.csproj", "{A3F974DA-4388-4EE4-BBC7-2EC324110D6E}"
EndProject
Global
	GlobalSection(SolutionConfigurationPlatforms) = preSolution
		Debug|Any CPU = Debug|Any CPU
		Release|Any CPU = Release|Any CPU
	EndGlobalSection
	GlobalSection(ProjectConfigurationPlatforms) = postSolution
		{A3F974DA-4388-4EE4-BBC7-2EC324110D6E}.Debug|Any CPU.ActiveCfg = Debug|Any CPU
		{A3F974DA-4388-4EE4-BBC7-2EC324110D6E}.Debug|Any CPU.Build.0 = Debug|Any CPU
		{A3F974DA-4388-4EE4-BBC7-2EC324110D6E}.Release|Any CPU.ActiveCfg = Release|Any CPU
		{A3F974DA-4388-4EE4-BBC7-2EC324110D6E}.Release|Any CPU.Build.0 = Release|Any CPU
	EndGlobalSection
	GlobalSection(SolutionProperties) = preSolution
		HideSolutionNode = FALSE
	EndGlobalSection
	GlobalSection(ExtensibilityGlobals) = postSolution
		SolutionGuid = {BE1C736C-E9B5-4851-912A-F7CAD9A0289E}
	EndGlobalSection
EndGlobal
